lockfileVersion: 5.4

importers:

  .:
    specifiers:
      '@peeky/test': ../../packages/peeky-test
      '@vitejs/plugin-vue2': ^2.0.0
      '@vue/composition-api': ^1.2.4
      '@vue/test-utils': ^1.3.0
      core-js: ^3.18.3
      typescript: ^4.8.3
      vite: ^3.1.3
      vite-plugin-windicss: ^1.4.11
      vue: ^2.7.10
      vue-template-compiler: ^2.7.10
    dependencies:
      '@vue/composition-api': 1.4.2_vue@2.7.10
      core-js: 3.20.0
      vue: 2.7.10
    devDependencies:
      '@peeky/test': link:../../packages/peeky-test
      '@vitejs/plugin-vue2': 2.0.0_vite@3.1.3+vue@2.7.10
      '@vue/test-utils': 1.3.0_42puyn3dcxirnpdjnosl7pbb6a
      typescript: 4.8.3
      vite: 3.1.3
      vite-plugin-windicss: 1.5.4_vite@3.1.3
      vue-template-compiler: 2.7.10

packages:

  /@antfu/utils/0.3.0:
    resolution: {integrity: sha512-UU8TLr/EoXdg7OjMp0h9oDoIAVr+Z/oW9cpOxQQyrsz6Qzd2ms/1CdWx8fl2OQdFpxGmq5Vc4TwfLHId6nAZjA==}
    dependencies:
      '@types/throttle-debounce': 2.1.0
    dev: true

  /@babel/helper-string-parser/7.18.10:
    resolution: {integrity: sha512-XtIfWmeNY3i4t7t4D2t02q50HvqHybPqW2ki1kosnvWCwuCMeo81Jf0gwr85jy/neUdg5XDdeFE/80DXiO+njw==}
    engines: {node: '>=6.9.0'}

  /@babel/helper-validator-identifier/7.19.1:
    resolution: {integrity: sha512-awrNfaMtnHUr653GgGEs++LlAvW6w+DcPrOliSMXWCKo597CwL5Acf/wWdNkf/tfEQE3mjkeD1YOVZOUV/od1w==}
    engines: {node: '>=6.9.0'}

  /@babel/parser/7.19.1:
    resolution: {integrity: sha512-h7RCSorm1DdTVGJf3P2Mhj3kdnkmF/EiysUkzS2TdgAYqyjFdMQJbVuXOBej2SBJaXan/lIVtT6KkGbyyq753A==}
    engines: {node: '>=6.0.0'}
    hasBin: true
    dependencies:
      '@babel/types': 7.19.0

  /@babel/types/7.19.0:
    resolution: {integrity: sha512-YuGopBq3ke25BVSiS6fgF49Ul9gH1x70Bcr6bqRLjWCkcX8Hre1/5+z+IiWOIerRMSSEfGZVB9z9kyq7wVs9YA==}
    engines: {node: '>=6.9.0'}
    dependencies:
      '@babel/helper-string-parser': 7.18.10
      '@babel/helper-validator-identifier': 7.19.1
      to-fast-properties: 2.0.0

  /@esbuild/android-arm/0.15.9:
    resolution: {integrity: sha512-VZPy/ETF3fBG5PiinIkA0W/tlsvlEgJccyN2DzWZEl0DlVKRbu91PvY2D6Lxgluj4w9QtYHjOWjAT44C+oQ+EQ==}
    engines: {node: '>=12'}
    cpu: [arm]
    os: [android]
    requiresBuild: true
    dev: true
    optional: true

  /@esbuild/linux-loong64/0.15.9:
    resolution: {integrity: sha512-O+NfmkfRrb3uSsTa4jE3WApidSe3N5++fyOVGP1SmMZi4A3BZELkhUUvj5hwmMuNdlpzAZ8iAPz2vmcR7DCFQA==}
    engines: {node: '>=12'}
    cpu: [loong64]
    os: [linux]
    requiresBuild: true
    dev: true
    optional: true

  /@nodelib/fs.scandir/2.1.5:
    resolution: {integrity: sha512-vq24Bq3ym5HEQm2NKCr3yXDwjc7vTsEThRDnkp2DK9p1uqLR+DHurm/NOTo0KG7HYHU7eppKZj3MyqYuMBf62g==}
    engines: {node: '>= 8'}
    dependencies:
      '@nodelib/fs.stat': 2.0.5
      run-parallel: 1.2.0
    dev: true

  /@nodelib/fs.stat/2.0.5:
    resolution: {integrity: sha512-RkhPPp2zrqDAQA/2jNhnztcPAlv64XdhIp7a7454A5ovI7Bukxgt7MX7udwAu3zg1DcpPU0rz3VV1SeaqvY4+A==}
    engines: {node: '>= 8'}
    dev: true

  /@nodelib/fs.walk/1.2.8:
    resolution: {integrity: sha512-oGB+UxlgWcgQkgwo8GcEGwemoTFt3FIO9ababBmaGwXIoBKZ+GTy0pP185beGg7Llih/NSHSV2XAs1lnznocSg==}
    engines: {node: '>= 8'}
    dependencies:
      '@nodelib/fs.scandir': 2.1.5
      fastq: 1.13.0
    dev: true

  /@types/throttle-debounce/2.1.0:
    resolution: {integrity: sha512-5eQEtSCoESnh2FsiLTxE121IiE60hnMqcb435fShf4bpLRjEu1Eoekht23y6zXS9Ts3l+Szu3TARnTsA0GkOkQ==}
    dev: true

  /@vitejs/plugin-vue2/2.0.0_vite@3.1.3+vue@2.7.10:
    resolution: {integrity: sha512-VJOCDtBNcRv7kYLQRbbERDP0OqW0EKgMQp6wwbqZRpU3kg38OP891avx6Xl3szntGkf9mK4i8k3TjsAlmkzWFg==}
    engines: {node: ^14.18.0 || >= 16.0.0}
    peerDependencies:
      vite: ^3.0.0
      vue: ^2.7.0-0
    dependencies:
      vite: 3.1.3
      vue: 2.7.10
    dev: true

  /@vue/compiler-sfc/2.7.10:
    resolution: {integrity: sha512-55Shns6WPxlYsz4WX7q9ZJBL77sKE1ZAYNYStLs6GbhIOMrNtjMvzcob6gu3cGlfpCR4bT7NXgyJ3tly2+Hx8Q==}
    dependencies:
      '@babel/parser': 7.19.1
      postcss: 8.4.16
      source-map: 0.6.1

  /@vue/composition-api/1.4.2_vue@2.7.10:
    resolution: {integrity: sha512-EqybqmMq835GISvlQXdDaV8dsbunpdmhClrnAqUJZLyxxV9pQXQYRtNDf+0e+fEwMfimLIsv7YmbKCbqxGRqXg==}
    peerDependencies:
      vue: '>= 2.5 < 3'
    dependencies:
      tslib: 2.3.1
      vue: 2.7.10
    dev: false

  /@vue/test-utils/1.3.0_42puyn3dcxirnpdjnosl7pbb6a:
    resolution: {integrity: sha512-Xk2Xiyj2k5dFb8eYUKkcN9PzqZSppTlx7LaQWBbdA8tqh3jHr/KHX2/YLhNFc/xwDrgeLybqd+4ZCPJSGPIqeA==}
    peerDependencies:
      vue: 2.x
      vue-template-compiler: ^2.x
    dependencies:
      dom-event-types: 1.0.0
      lodash: 4.17.21
      pretty: 2.0.0
      vue: 2.7.10
      vue-template-compiler: 2.7.10
    dev: true

  /@windicss/config/1.5.4:
    resolution: {integrity: sha512-muRPFulqh7nU3VrsPb5+k6ulNyiw8VGg62zAWRZIBfeCRXZb2gV1Q8a/tPn8X1T/+HTt4f/1bzFiusqMKscmlw==}
    dependencies:
      debug: 4.3.3
      jiti: 1.12.9
      windicss: 3.4.0
    transitivePeerDependencies:
      - supports-color
    dev: true

  /@windicss/plugin-utils/1.5.4:
    resolution: {integrity: sha512-fS4y52OYB9rIzEUolIWIrrHYuaQfcqTaX3ISbFUiNbvNgH97JATjzB2iOnNqWNy6pH3M8RP0TqYQOOCCeanDoA==}
    dependencies:
      '@antfu/utils': 0.3.0
      '@windicss/config': 1.5.4
      debug: 4.3.3
      fast-glob: 3.2.7
      magic-string: 0.25.7
      micromatch: 4.0.4
      windicss: 3.4.0
    transitivePeerDependencies:
      - supports-color
    dev: true

  /abbrev/1.1.1:
    resolution: {integrity: sha512-nne9/IiQ/hzIhY6pdDnbBtz7DjPTKrY00P/zvPSm5pOFkl6xuGrGnXn/VtTNNfNtAfZ9/1RtehkszU9qcTii0Q==}
    dev: true

  /balanced-match/1.0.2:
    resolution: {integrity: sha512-3oSeUO0TMV67hN1AmbXsK4yaqU7tjiHlbxRDZOpH0KW9+CeX4bRAaX0Anxt0tx2MrpRpWwQaPwIlISEJhYU5Pw==}
    dev: true

  /brace-expansion/1.1.11:
    resolution: {integrity: sha512-iCuPHDFgrHX7H2vEI/5xpz07zSHB00TpugqhmYtVmMO6518mCuRMoOYFldEBl0g187ufozdaHgWKcYFb61qGiA==}
    dependencies:
      balanced-match: 1.0.2
      concat-map: 0.0.1
    dev: true

  /braces/3.0.2:
    resolution: {integrity: sha512-b8um+L1RzM3WDSzvhm6gIz1yfTbBt6YTlcEKAvsmqCZZFw46z626lVj9j1yEPW33H5H+lBQpZMP1k8l+78Ha0A==}
    engines: {node: '>=8'}
    dependencies:
      fill-range: 7.0.1
    dev: true

  /commander/2.20.3:
    resolution: {integrity: sha512-GpVkmM8vF2vQUkj2LvZmD35JxeJOLCwJ9cUkugyk2nuhbv3+mJvpLYYt+0+USMxE+oj+ey/lJEnhZw75x/OMcQ==}
    dev: true

  /concat-map/0.0.1:
    resolution: {integrity: sha1-2Klr13/Wjfd5OnMDajug1UBdR3s=}
    dev: true

  /condense-newlines/0.2.1:
    resolution: {integrity: sha1-PemFVTE5R10yUCyDsC9gaE0kxV8=}
    engines: {node: '>=0.10.0'}
    dependencies:
      extend-shallow: 2.0.1
      is-whitespace: 0.3.0
      kind-of: 3.2.2
    dev: true

  /config-chain/1.1.13:
    resolution: {integrity: sha512-qj+f8APARXHrM0hraqXYb2/bOVSV4PvJQlNZ/DVj0QrmNM2q2euizkeuVckQ57J+W0mRH6Hvi+k50M4Jul2VRQ==}
    dependencies:
      ini: 1.3.8
      proto-list: 1.2.4
    dev: true

  /core-js/3.20.0:
    resolution: {integrity: sha512-KjbKU7UEfg4YPpskMtMXPhUKn7m/1OdTHTVjy09ScR2LVaoUXe8Jh0UdvN2EKUR6iKTJph52SJP95mAB0MnVLQ==}
    requiresBuild: true
    dev: false

  /csstype/3.1.1:
    resolution: {integrity: sha512-DJR/VvkAvSZW9bTouZue2sSxDwdTN92uHjqeKVm+0dAqdfNykRzQ95tay8aXMBAAPpUiq4Qcug2L7neoRh2Egw==}

  /de-indent/1.0.2:
    resolution: {integrity: sha512-e/1zu3xH5MQryN2zdVaF0OrdNLUbvWxzMbi+iNA6Bky7l1RoP8a2fIbRocyHclXt/arDrrR6lL3TqFD9pMQTsg==}
    dev: true

  /debug/4.3.3:
    resolution: {integrity: sha512-/zxw5+vh1Tfv+4Qn7a5nsbcJKPaSvCDhojn6FEl9vupwK2VCSDtEiEtqr8DFtzYFOdz63LBkxec7DYuc2jon6Q==}
    engines: {node: '>=6.0'}
    peerDependencies:
      supports-color: '*'
    peerDependenciesMeta:
      supports-color:
        optional: true
    dependencies:
      ms: 2.1.2
    dev: true

  /dom-event-types/1.0.0:
    resolution: {integrity: sha512-2G2Vwi2zXTHBGqXHsJ4+ak/iP0N8Ar+G8a7LiD2oup5o4sQWytwqqrZu/O6hIMV0KMID2PL69OhpshLO0n7UJQ==}
    dev: true

  /editorconfig/0.15.3:
    resolution: {integrity: sha512-M9wIMFx96vq0R4F+gRpY3o2exzb8hEj/n9S8unZtHSvYjibBp/iMufSzvmOcV/laG0ZtuTVGtiJggPOSW2r93g==}
    hasBin: true
    dependencies:
      commander: 2.20.3
      lru-cache: 4.1.5
      semver: 5.7.1
      sigmund: 1.0.1
    dev: true

  /esbuild-android-64/0.15.9:
    resolution: {integrity: sha512-HQCX7FJn9T4kxZQkhPjNZC7tBWZqJvhlLHPU2SFzrQB/7nDXjmTIFpFTjt7Bd1uFpeXmuwf5h5fZm+x/hLnhbw==}
    engines: {node: '>=12'}
    cpu: [x64]
    os: [android]
    requiresBuild: true
    dev: true
    optional: true

  /esbuild-android-arm64/0.15.9:
    resolution: {integrity: sha512-E6zbLfqbFVCNEKircSHnPiSTsm3fCRxeIMPfrkS33tFjIAoXtwegQfVZqMGR0FlsvVxp2NEDOUz+WW48COCjSg==}
    engines: {node: '>=12'}
    cpu: [arm64]
    os: [android]
    requiresBuild: true
    dev: true
    optional: true

  /esbuild-darwin-64/0.15.9:
    resolution: {integrity: sha512-gI7dClcDN/HHVacZhTmGjl0/TWZcGuKJ0I7/xDGJwRQQn7aafZGtvagOFNmuOq+OBFPhlPv1T6JElOXb0unkSQ==}
    engines: {node: '>=12'}
    cpu: [x64]
    os: [darwin]
    requiresBuild: true
    dev: true
    optional: true

  /esbuild-darwin-arm64/0.15.9:
    resolution: {integrity: sha512-VZIMlcRN29yg/sv7DsDwN+OeufCcoTNaTl3Vnav7dL/nvsApD7uvhVRbgyMzv0zU/PP0xRhhIpTyc7lxEzHGSw==}
    engines: {node: '>=12'}
    cpu: [arm64]
    os: [darwin]
    requiresBuild: true
    dev: true
    optional: true

  /esbuild-freebsd-64/0.15.9:
    resolution: {integrity: sha512-uM4z5bTvuAXqPxrI204txhlsPIolQPWRMLenvGuCPZTnnGlCMF2QLs0Plcm26gcskhxewYo9LkkmYSS5Czrb5A==}
    engines: {node: '>=12'}
    cpu: [x64]
    os: [freebsd]
    requiresBuild: true
    dev: true
    optional: true

  /esbuild-freebsd-arm64/0.15.9:
    resolution: {integrity: sha512-HHDjT3O5gWzicGdgJ5yokZVN9K9KG05SnERwl9nBYZaCjcCgj/sX8Ps1jvoFSfNCO04JSsHSOWo4qvxFuj8FoA==}
    engines: {node: '>=12'}
    cpu: [arm64]
    os: [freebsd]
    requiresBuild: true
    dev: true
    optional: true

  /esbuild-linux-32/0.15.9:
    resolution: {integrity: sha512-AQIdE8FugGt1DkcekKi5ycI46QZpGJ/wqcMr7w6YUmOmp2ohQ8eO4sKUsOxNOvYL7hGEVwkndSyszR6HpVHLFg==}
    engines: {node: '>=12'}
    cpu: [ia32]
    os: [linux]
    requiresBuild: true
    dev: true
    optional: true

  /esbuild-linux-64/0.15.9:
    resolution: {integrity: sha512-4RXjae7g6Qs7StZyiYyXTZXBlfODhb1aBVAjd+ANuPmMhWthQilWo7rFHwJwL7DQu1Fjej2sODAVwLbcIVsAYQ==}
    engines: {node: '>=12'}
    cpu: [x64]
    os: [linux]
    requiresBuild: true
    dev: true
    optional: true

  /esbuild-linux-arm/0.15.9:
    resolution: {integrity: sha512-3Zf2GVGUOI7XwChH3qrnTOSqfV1V4CAc/7zLVm4lO6JT6wbJrTgEYCCiNSzziSju+J9Jhf9YGWk/26quWPC6yQ==}
    engines: {node: '>=12'}
    cpu: [arm]
    os: [linux]
    requiresBuild: true
    dev: true
    optional: true

  /esbuild-linux-arm64/0.15.9:
    resolution: {integrity: sha512-a+bTtxJmYmk9d+s2W4/R1SYKDDAldOKmWjWP0BnrWtDbvUBNOm++du0ysPju4mZVoEFgS1yLNW+VXnG/4FNwdQ==}
    engines: {node: '>=12'}
    cpu: [arm64]
    os: [linux]
    requiresBuild: true
    dev: true
    optional: true

  /esbuild-linux-mips64le/0.15.9:
    resolution: {integrity: sha512-Zn9HSylDp89y+TRREMDoGrc3Z4Hs5u56ozZLQCiZAUx2+HdbbXbWdjmw3FdTJ/i7t5Cew6/Q+6kfO3KCcFGlyw==}
    engines: {node: '>=12'}
    cpu: [mips64el]
    os: [linux]
    requiresBuild: true
    dev: true
    optional: true

  /esbuild-linux-ppc64le/0.15.9:
    resolution: {integrity: sha512-OEiOxNAMH9ENFYqRsWUj3CWyN3V8P3ZXyfNAtX5rlCEC/ERXrCEFCJji/1F6POzsXAzxvUJrTSTCy7G6BhA6Fw==}
    engines: {node: '>=12'}
    cpu: [ppc64]
    os: [linux]
    requiresBuild: true
    dev: true
    optional: true

  /esbuild-linux-riscv64/0.15.9:
    resolution: {integrity: sha512-ukm4KsC3QRausEFjzTsOZ/qqazw0YvJsKmfoZZm9QW27OHjk2XKSQGGvx8gIEswft/Sadp03/VZvAaqv5AIwNA==}
    engines: {node: '>=12'}
    cpu: [riscv64]
    os: [linux]
    requiresBuild: true
    dev: true
    optional: true

  /esbuild-linux-s390x/0.15.9:
    resolution: {integrity: sha512-uDOQEH55wQ6ahcIKzQr3VyjGc6Po/xblLGLoUk3fVL1qjlZAibtQr6XRfy5wPJLu/M2o0vQKLq4lyJ2r1tWKcw==}
    engines: {node: '>=12'}
    cpu: [s390x]
    os: [linux]
    requiresBuild: true
    dev: true
    optional: true

  /esbuild-netbsd-64/0.15.9:
    resolution: {integrity: sha512-yWgxaYTQz+TqX80wXRq6xAtb7GSBAp6gqLKfOdANg9qEmAI1Bxn04IrQr0Mzm4AhxvGKoHzjHjMgXbCCSSDxcw==}
    engines: {node: '>=12'}
    cpu: [x64]
    os: [netbsd]
    requiresBuild: true
    dev: true
    optional: true

  /esbuild-openbsd-64/0.15.9:
    resolution: {integrity: sha512-JmS18acQl4iSAjrEha1MfEmUMN4FcnnrtTaJ7Qg0tDCOcgpPPQRLGsZqhes0vmx8VA6IqRyScqXvaL7+Q0Uf3A==}
    engines: {node: '>=12'}
    cpu: [x64]
    os: [openbsd]
    requiresBuild: true
    dev: true
    optional: true

  /esbuild-sunos-64/0.15.9:
    resolution: {integrity: sha512-UKynGSWpzkPmXW3D2UMOD9BZPIuRaSqphxSCwScfEE05Be3KAmvjsBhht1fLzKpiFVJb0BYMd4jEbWMyJ/z1hQ==}
    engines: {node: '>=12'}
    cpu: [x64]
    os: [sunos]
    requiresBuild: true
    dev: true
    optional: true

  /esbuild-windows-32/0.15.9:
    resolution: {integrity: sha512-aqXvu4/W9XyTVqO/hw3rNxKE1TcZiEYHPsXM9LwYmKSX9/hjvfIJzXwQBlPcJ/QOxedfoMVH0YnhhQ9Ffb0RGA==}
    engines: {node: '>=12'}
    cpu: [ia32]
    os: [win32]
    requiresBuild: true
    dev: true
    optional: true

  /esbuild-windows-64/0.15.9:
    resolution: {integrity: sha512-zm7h91WUmlS4idMtjvCrEeNhlH7+TNOmqw5dJPJZrgFaxoFyqYG6CKDpdFCQXdyKpD5yvzaQBOMVTCBVKGZDEg==}
    engines: {node: '>=12'}
    cpu: [x64]
    os: [win32]
    requiresBuild: true
    dev: true
    optional: true

  /esbuild-windows-arm64/0.15.9:
    resolution: {integrity: sha512-yQEVIv27oauAtvtuhJVfSNMztJJX47ismRS6Sv2QMVV9RM+6xjbMWuuwM2nxr5A2/gj/mu2z9YlQxiwoFRCfZA==}
    engines: {node: '>=12'}
    cpu: [arm64]
    os: [win32]
    requiresBuild: true
    dev: true
    optional: true

  /esbuild/0.15.9:
    resolution: {integrity: sha512-OnYr1rkMVxtmMHIAKZLMcEUlJmqcbxBz9QoBU8G9v455na0fuzlT/GLu6l+SRghrk0Mm2fSSciMmzV43Q8e0Gg==}
    engines: {node: '>=12'}
    hasBin: true
    requiresBuild: true
    optionalDependencies:
      '@esbuild/android-arm': 0.15.9
      '@esbuild/linux-loong64': 0.15.9
      esbuild-android-64: 0.15.9
      esbuild-android-arm64: 0.15.9
      esbuild-darwin-64: 0.15.9
      esbuild-darwin-arm64: 0.15.9
      esbuild-freebsd-64: 0.15.9
      esbuild-freebsd-arm64: 0.15.9
      esbuild-linux-32: 0.15.9
      esbuild-linux-64: 0.15.9
      esbuild-linux-arm: 0.15.9
      esbuild-linux-arm64: 0.15.9
      esbuild-linux-mips64le: 0.15.9
      esbuild-linux-ppc64le: 0.15.9
      esbuild-linux-riscv64: 0.15.9
      esbuild-linux-s390x: 0.15.9
      esbuild-netbsd-64: 0.15.9
      esbuild-openbsd-64: 0.15.9
      esbuild-sunos-64: 0.15.9
      esbuild-windows-32: 0.15.9
      esbuild-windows-64: 0.15.9
      esbuild-windows-arm64: 0.15.9
    dev: true

  /extend-shallow/2.0.1:
    resolution: {integrity: sha1-Ua99YUrZqfYQ6huvu5idaxxWiQ8=}
    engines: {node: '>=0.10.0'}
    dependencies:
      is-extendable: 0.1.1
    dev: true

  /fast-glob/3.2.7:
    resolution: {integrity: sha512-rYGMRwip6lUMvYD3BTScMwT1HtAs2d71SMv66Vrxs0IekGZEjhM0pcMfjQPnknBt2zeCwQMEupiN02ZP4DiT1Q==}
    engines: {node: '>=8'}
    dependencies:
      '@nodelib/fs.stat': 2.0.5
      '@nodelib/fs.walk': 1.2.8
      glob-parent: 5.1.2
      merge2: 1.4.1
      micromatch: 4.0.4
    dev: true

  /fastq/1.13.0:
    resolution: {integrity: sha512-YpkpUnK8od0o1hmeSc7UUs/eB/vIPWJYjKck2QKIzAf71Vm1AAQ3EbuZB3g2JIy+pg+ERD0vqI79KyZiB2e2Nw==}
    dependencies:
      reusify: 1.0.4
    dev: true

  /fill-range/7.0.1:
    resolution: {integrity: sha512-qOo9F+dMUmC2Lcb4BbVvnKJxTPjCm+RRpe4gDuGrzkL7mEVl/djYSu2OdQ2Pa302N4oqkSg9ir6jaLWJ2USVpQ==}
    engines: {node: '>=8'}
    dependencies:
      to-regex-range: 5.0.1
    dev: true

  /fs.realpath/1.0.0:
    resolution: {integrity: sha1-FQStJSMVjKpA20onh8sBQRmU6k8=}
    dev: true

  /fsevents/2.3.2:
    resolution: {integrity: sha512-xiqMQR4xAeHTuB9uWm+fFRcIOgKBMiOBP+eXiyT7jsgVCq1bkVygt00oASowB7EdtpOHaaPgKt812P9ab+DDKA==}
    engines: {node: ^8.16.0 || ^10.6.0 || >=11.0.0}
    os: [darwin]
    requiresBuild: true
    dev: true
    optional: true

  /function-bind/1.1.1:
    resolution: {integrity: sha512-yIovAzMX49sF8Yl58fSCWJ5svSLuaibPxXQJFLmBObTuCr0Mf1KiPopGM9NiFjiYBCbfaa2Fh6breQ6ANVTI0A==}
    dev: true

  /glob-parent/5.1.2:
    resolution: {integrity: sha512-AOIgSQCepiJYwP3ARnGx+5VnTu2HBYdzbGP45eLw1vr3zB3vZLeyed1sC9hnbcOc9/SrMyM5RPQrkGz4aS9Zow==}
    engines: {node: '>= 6'}
    dependencies:
      is-glob: 4.0.3
    dev: true

  /glob/7.2.0:
    resolution: {integrity: sha512-lmLf6gtyrPq8tTjSmrO94wBeQbFR3HbLHbuyD69wuyQkImp2hWqMGB47OX65FBkPffO641IP9jWa1z4ivqG26Q==}
    dependencies:
      fs.realpath: 1.0.0
      inflight: 1.0.6
      inherits: 2.0.4
      minimatch: 3.0.4
      once: 1.4.0
      path-is-absolute: 1.0.1
    dev: true

  /has/1.0.3:
    resolution: {integrity: sha512-f2dvO0VU6Oej7RkWJGrehjbzMAjFp5/VKPp5tTpWIV4JHHZK1/BxbFRtf/siA2SWTe09caDmVtYYzWEIbBS4zw==}
    engines: {node: '>= 0.4.0'}
    dependencies:
      function-bind: 1.1.1
    dev: true

  /he/1.2.0:
    resolution: {integrity: sha512-F/1DnUGPopORZi0ni+CvrCgHQ5FyEAHRLSApuYWMmrbSwoN2Mn/7k+Gl38gJnR7yyDZk6WLXwiGod1JOWNDKGw==}
    hasBin: true
    dev: true

  /inflight/1.0.6:
    resolution: {integrity: sha1-Sb1jMdfQLQwJvJEKEHW6gWW1bfk=}
    dependencies:
      once: 1.4.0
      wrappy: 1.0.2
    dev: true

  /inherits/2.0.4:
    resolution: {integrity: sha512-k/vGaX4/Yla3WzyMCvTQOXYeIHvqOKtnqBduzTHpzpQZzAskKMhZ2K+EnBiSM9zGSoIFeMpXKxa4dYeZIQqewQ==}
    dev: true

  /ini/1.3.8:
    resolution: {integrity: sha512-JV/yugV2uzW5iMRSiZAyDtQd+nxtUnjeLt0acNdw98kKLrvuRVyB80tsREOE7yvGVgalhZ6RNXCmEHkUKBKxew==}
    dev: true

  /is-buffer/1.1.6:
    resolution: {integrity: sha512-NcdALwpXkTm5Zvvbk7owOUSvVvBKDgKP5/ewfXEznmQFfs4ZRmanOeKBTjRVjka3QFoN6XJ+9F3USqfHqTaU5w==}
    dev: true

  /is-core-module/2.10.0:
    resolution: {integrity: sha512-Erxj2n/LDAZ7H8WNJXd9tw38GYM3dv8rk8Zcs+jJuxYTW7sozH+SS8NtrSjVL1/vpLvWi1hxy96IzjJ3EHTJJg==}
    dependencies:
      has: 1.0.3
    dev: true

  /is-extendable/0.1.1:
    resolution: {integrity: sha1-YrEQ4omkcUGOPsNqYX1HLjAd/Ik=}
    engines: {node: '>=0.10.0'}
    dev: true

  /is-extglob/2.1.1:
    resolution: {integrity: sha1-qIwCU1eR8C7TfHahueqXc8gz+MI=}
    engines: {node: '>=0.10.0'}
    dev: true

  /is-glob/4.0.3:
    resolution: {integrity: sha512-xelSayHH36ZgE7ZWhli7pW34hNbNl8Ojv5KVmkJD4hBdD3th8Tfk9vYasLM+mXWOZhFkgZfxhLSnrwRr4elSSg==}
    engines: {node: '>=0.10.0'}
    dependencies:
      is-extglob: 2.1.1
    dev: true

  /is-number/7.0.0:
    resolution: {integrity: sha512-41Cifkg6e8TylSpdtTpeLVMqvSBEVzTttHvERD741+pnZ8ANv0004MRL43QKPDlK9cGvNp6NZWZUBlbGXYxxng==}
    engines: {node: '>=0.12.0'}
    dev: true

  /is-whitespace/0.3.0:
    resolution: {integrity: sha1-Fjnssb4DauxppUy7QBz77XEUq38=}
    engines: {node: '>=0.10.0'}
    dev: true

  /jiti/1.12.9:
    resolution: {integrity: sha512-TdcJywkQtcwLxogc4rSMAi479G2eDPzfW0fLySks7TPhgZZ4s/tM6stnzayIh3gS/db3zExWJyUx4cNWrwAmoQ==}
    hasBin: true
    dev: true

  /js-beautify/1.14.0:
    resolution: {integrity: sha512-yuck9KirNSCAwyNJbqW+BxJqJ0NLJ4PwBUzQQACl5O3qHMBXVkXb/rD0ilh/Lat/tn88zSZ+CAHOlk0DsY7GuQ==}
    engines: {node: '>=10'}
    hasBin: true
    dependencies:
      config-chain: 1.1.13
      editorconfig: 0.15.3
      glob: 7.2.0
      nopt: 5.0.0
    dev: true

  /kind-of/3.2.2:
    resolution: {integrity: sha1-MeohpzS6ubuw8yRm2JOupR5KPGQ=}
    engines: {node: '>=0.10.0'}
    dependencies:
      is-buffer: 1.1.6
    dev: true

  /kolorist/1.5.1:
    resolution: {integrity: sha512-lxpCM3HTvquGxKGzHeknB/sUjuVoUElLlfYnXZT73K8geR9jQbroGlSCFBax9/0mpGoD3kzcMLnOlGQPJJNyqQ==}
    dev: true

  /lodash/4.17.21:
    resolution: {integrity: sha512-v2kDEe57lecTulaDIuNTPy3Ry4gLGJ6Z1O3vE1krgXZNrsQ+LFTGHVxVjcXPs17LhbZVGedAJv8XZ1tvj5FvSg==}
    dev: true

  /lru-cache/4.1.5:
    resolution: {integrity: sha512-sWZlbEP2OsHNkXrMl5GYk/jKk70MBng6UU4YI/qGDYbgf6YbP4EvmqISbXCoJiRKs+1bSpFHVgQxvJ17F2li5g==}
    dependencies:
      pseudomap: 1.0.2
      yallist: 2.1.2
    dev: true

  /magic-string/0.25.7:
    resolution: {integrity: sha512-4CrMT5DOHTDk4HYDlzmwu4FVCcIYI8gauveasrdCu2IKIFOJ3f0v/8MDGJCDL9oD2ppz/Av1b0Nj345H9M+XIA==}
    dependencies:
      sourcemap-codec: 1.4.8
    dev: true

  /merge2/1.4.1:
    resolution: {integrity: sha512-8q7VEgMJW4J8tcfVPy8g09NcQwZdbwFEqhe/WZkoIzjn/3TGDwtOCYtXGxA3O8tPzpczCCDgv+P2P5y00ZJOOg==}
    engines: {node: '>= 8'}
    dev: true

  /micromatch/4.0.4:
    resolution: {integrity: sha512-pRmzw/XUcwXGpD9aI9q/0XOwLNygjETJ8y0ao0wdqprrzDa4YnxLcz7fQRZr8voh8V10kGhABbNcHVk5wHgWwg==}
    engines: {node: '>=8.6'}
    dependencies:
      braces: 3.0.2
      picomatch: 2.3.0
    dev: true

  /minimatch/3.0.4:
    resolution: {integrity: sha512-yJHVQEhyqPLUTgt9B83PXu6W3rx4MvvHvSUvToogpwoGDOUQ+yDrR0HRot+yOCdCO7u4hX3pWft6kWBBcqh0UA==}
    dependencies:
      brace-expansion: 1.1.11
    dev: true

  /ms/2.1.2:
    resolution: {integrity: sha512-sGkPx+VjMtmA6MX27oA4FBFELFCZZ4S4XqeGOXCv68tT+jb3vk/RyaKWP0PTKyWtmLSM0b+adUTEvbs1PEaH2w==}
    dev: true

  /nanoid/3.3.4:
    resolution: {integrity: sha512-MqBkQh/OHTS2egovRtLk45wEyNXwF+cokD+1YPf9u5VfJiRdAiRwB2froX5Co9Rh20xs4siNPm8naNotSD6RBw==}
    engines: {node: ^10 || ^12 || ^13.7 || ^14 || >=15.0.1}
    hasBin: true

  /nopt/5.0.0:
    resolution: {integrity: sha512-Tbj67rffqceeLpcRXrT7vKAN8CwfPeIBgM7E6iBkmKLV7bEMwpGgYLGv0jACUsECaa/vuxP0IjEont6umdMgtQ==}
    engines: {node: '>=6'}
    hasBin: true
    dependencies:
      abbrev: 1.1.1
    dev: true

  /once/1.4.0:
    resolution: {integrity: sha1-WDsap3WWHUsROsF9nFC6753Xa9E=}
    dependencies:
      wrappy: 1.0.2
    dev: true

  /path-is-absolute/1.0.1:
    resolution: {integrity: sha1-F0uSaHNVNP+8es5r9TpanhtcX18=}
    engines: {node: '>=0.10.0'}
    dev: true

  /path-parse/1.0.7:
    resolution: {integrity: sha512-LDJzPVEEEPR+y48z93A0Ed0yXb8pAByGWo/k5YYdYgpY2/2EsOsksJrq7lOHxryrVOn1ejG6oAp8ahvOIQD8sw==}
    dev: true

  /picocolors/1.0.0:
    resolution: {integrity: sha512-1fygroTLlHu66zi26VoTDv8yRgm0Fccecssto+MhsZ0D/DGW2sm8E8AjW7NU5VVTRt5GxbeZ5qBuJr+HyLYkjQ==}

  /picomatch/2.3.0:
    resolution: {integrity: sha512-lY1Q/PiJGC2zOv/z391WOTD+Z02bCgsFfvxoXXf6h7kv9o+WmsmzYqrAwY63sNgOxE4xEdq0WyUnXfKeBrSvYw==}
    engines: {node: '>=8.6'}
    dev: true

  /postcss/8.4.16:
    resolution: {integrity: sha512-ipHE1XBvKzm5xI7hiHCZJCSugxvsdq2mPnsq5+UF+VHCjiBvtDrlxJfMBToWaP9D5XlgNmcFGqoHmUn0EYEaRQ==}
    engines: {node: ^10 || ^12 || >=14}
    dependencies:
      nanoid: 3.3.4
      picocolors: 1.0.0
      source-map-js: 1.0.2

  /pretty/2.0.0:
    resolution: {integrity: sha1-rbx5YLe7/iiaVX3F9zdhmiINBqU=}
    engines: {node: '>=0.10.0'}
    dependencies:
      condense-newlines: 0.2.1
      extend-shallow: 2.0.1
      js-beautify: 1.14.0
    dev: true

  /proto-list/1.2.4:
    resolution: {integrity: sha1-IS1b/hMYMGpCD2QCuOJv85ZHqEk=}
    dev: true

  /pseudomap/1.0.2:
    resolution: {integrity: sha1-8FKijacOYYkX7wqKw0wa5aaChrM=}
    dev: true

  /queue-microtask/1.2.3:
    resolution: {integrity: sha512-NuaNSa6flKT5JaSYQzJok04JzTL1CA6aGhv5rfLW3PgqA+M2ChpZQnAC8h8i4ZFkBS8X5RqkDBHA7r4hej3K9A==}
    dev: true

  /resolve/1.22.1:
    resolution: {integrity: sha512-nBpuuYuY5jFsli/JIs1oldw6fOQCBioohqWZg/2hiaOybXOft4lonv85uDOKXdf8rhyK159cxU5cDcK/NKk8zw==}
    hasBin: true
    dependencies:
      is-core-module: 2.10.0
      path-parse: 1.0.7
      supports-preserve-symlinks-flag: 1.0.0
    dev: true

  /reusify/1.0.4:
    resolution: {integrity: sha512-U9nH88a3fc/ekCF1l0/UP1IosiuIjyTh7hBvXVMHYgVcfGvt897Xguj2UOLDeI5BG2m7/uwyaLVT6fbtCwTyzw==}
    engines: {iojs: '>=1.0.0', node: '>=0.10.0'}
    dev: true

  /rollup/2.78.1:
    resolution: {integrity: sha512-VeeCgtGi4P+o9hIg+xz4qQpRl6R401LWEXBmxYKOV4zlF82lyhgh2hTZnheFUbANE8l2A41F458iwj2vEYaXJg==}
    engines: {node: '>=10.0.0'}
    hasBin: true
    optionalDependencies:
      fsevents: 2.3.2
    dev: true

  /run-parallel/1.2.0:
    resolution: {integrity: sha512-5l4VyZR86LZ/lDxZTR6jqL8AFE2S0IFLMP26AbjsLVADxHdhB/c0GUsH+y39UfCi3dzz8OlQuPmnaJOMoDHQBA==}
    dependencies:
      queue-microtask: 1.2.3
    dev: true

  /semver/5.7.1:
    resolution: {integrity: sha512-sauaDf/PZdVgrLTNYHRtpXa1iRiKcaebiKQ1BJdpQlWH2lCvexQdX55snPFyK7QzpudqbCI0qXFfOasHdyNDGQ==}
    hasBin: true
    dev: true

  /sigmund/1.0.1:
    resolution: {integrity: sha1-P/IfGYytIXX587eBhT/ZTQ0ZtZA=}
    dev: true

  /source-map-js/1.0.2:
    resolution: {integrity: sha512-R0XvVJ9WusLiqTCEiGCmICCMplcCkIwwR11mOSD9CR5u+IXYdiseeEuXCVAjS54zqwkLcPNnmU4OeJ6tUrWhDw==}
    engines: {node: '>=0.10.0'}

  /source-map/0.6.1:
    resolution: {integrity: sha512-UjgapumWlbMhkBgzT7Ykc5YXUT46F0iKu8SGXq0bcwP5dz/h0Plj6enJqjz1Zbq2l5WaqYnrVbwWOWMyF3F47g==}
    engines: {node: '>=0.10.0'}

  /sourcemap-codec/1.4.8:
    resolution: {integrity: sha512-9NykojV5Uih4lgo5So5dtw+f0JgJX30KCNI8gwhz2J9A15wD0Ml6tjHKwf6fTSa6fAdVBdZeNOs9eJ71qCk8vA==}
    dev: true

  /supports-preserve-symlinks-flag/1.0.0:
    resolution: {integrity: sha512-ot0WnXS9fgdkgIcePe6RHNk1WA8+muPa6cSjeR3V8K27q9BB1rTE3R1p7Hv0z1ZyAc8s6Vvv8DIyWf681MAt0w==}
    engines: {node: '>= 0.4'}
    dev: true

  /to-fast-properties/2.0.0:
    resolution: {integrity: sha512-/OaKK0xYrs3DmxRYqL/yDc+FxFUVYhDlXMhRmv3z915w2HF1tnN1omB354j8VUGO/hbRzyD6Y3sA7v7GS/ceog==}
    engines: {node: '>=4'}

  /to-regex-range/5.0.1:
    resolution: {integrity: sha512-65P7iz6X5yEr1cwcgvQxbbIw7Uk3gOy5dIdtZ4rDveLqhrdJP+Li/Hx6tyK0NEb+2GCyneCMJiGqrADCSNk8sQ==}
    engines: {node: '>=8.0'}
    dependencies:
      is-number: 7.0.0
    dev: true

  /tslib/2.3.1:
    resolution: {integrity: sha512-77EbyPPpMz+FRFRuAFlWMtmgUWGe9UOG2Z25NqCwiIjRhOf5iKGuzSe5P2w1laq+FkRy4p+PCuVkJSGkzTEKVw==}
    dev: false

  /typescript/4.8.3:
    resolution: {integrity: sha512-goMHfm00nWPa8UvR/CPSvykqf6dVV8x/dp0c5mFTMTIu0u0FlGWRioyy7Nn0PGAdHxpJZnuO/ut+PpQ8UiHAig==}
    engines: {node: '>=4.2.0'}
    hasBin: true
    dev: true

  /vite-plugin-windicss/1.5.4_vite@3.1.3:
    resolution: {integrity: sha512-bG2IERA9J50MGq1QEbGC/PjrkVIaq2b3LilCeidyIpmFV/4aR14/wGDe83SobF+8coIeJ+23S0uDK/fXX5X0pQ==}
    peerDependencies:
      vite: ^2.0.1
    dependencies:
      '@windicss/plugin-utils': 1.5.4
      debug: 4.3.3
      kolorist: 1.5.1
      vite: 3.1.3
      windicss: 3.4.0
    transitivePeerDependencies:
      - supports-color
    dev: true

  /vite/3.1.3:
    resolution: {integrity: sha512-/3XWiktaopByM5bd8dqvHxRt5EEgRikevnnrpND0gRfNkrMrPaGGexhtLCzv15RcCMtV2CLw+BPas8YFeSG0KA==}
    engines: {node: ^14.18.0 || >=16.0.0}
    hasBin: true
    peerDependencies:
      less: '*'
      sass: '*'
      stylus: '*'
      terser: ^5.4.0
    peerDependenciesMeta:
      less:
        optional: true
      sass:
        optional: true
      stylus:
        optional: true
      terser:
        optional: true
    dependencies:
      esbuild: 0.15.9
      postcss: 8.4.16
      resolve: 1.22.1
      rollup: 2.78.1
    optionalDependencies:
      fsevents: 2.3.2
    dev: true

  /vue-template-compiler/2.7.10:
    resolution: {integrity: sha512-QO+8R9YRq1Gudm8ZMdo/lImZLJVUIAM8c07Vp84ojdDAf8HmPJc7XB556PcXV218k2AkKznsRz6xB5uOjAC4EQ==}
    dependencies:
      de-indent: 1.0.2
      he: 1.2.0
    dev: true

  /vue/2.7.10:
    resolution: {integrity: sha512-HmFC70qarSHPXcKtW8U8fgIkF6JGvjEmDiVInTkKZP0gIlEPhlVlcJJLkdGIDiNkIeA2zJPQTWJUI4iWe+AVfg==}
    dependencies:
      '@vue/compiler-sfc': 2.7.10
      csstype: 3.1.1

  /windicss/3.4.0:
    resolution: {integrity: sha512-X+9Y1/FPxX253Xo4Hk/qfVuvoAxgKx686Z6yHxmBFMH7wRCPdRO42na9k/yEnrW6EqCFJP/GcMIHn3QENaE42g==}
    engines: {node: '>= 12'}
    hasBin: true
    dev: true

  /wrappy/1.0.2:
    resolution: {integrity: sha1-tSQ9jz7BqjXxNkYFvA0QNuMKtp8=}
    dev: true

  /yallist/2.1.2:
    resolution: {integrity: sha1-HBH5IY8HYImkfdUS+TxmmaaoHVI=}
    dev: true
